{
  "requires": true,
  "lockfileVersion": 1,
  "dependencies": {
    "@angular/animations": {
      "version": "12.2.14",
      "resolved": "https://registry.npmjs.org/@angular/animations/-/animations-12.2.14.tgz",
      "integrity": "sha512-1BR5u32auVePvXNNP96DB2008V+Ku0OGqeZQl2h4XA9xzES/Zk5WllIJZXqRmWMRBVARfXsfb0RdMty9gcaVjA==",
      "requires": {
        "tslib": "^2.2.0"
      }
    },
    "@angular/material": {
      "version": "11.2.13",
      "resolved": "https://registry.npmjs.org/@angular/material/-/material-11.2.13.tgz",
      "integrity": "sha512-FqFdGSkOtqsmeLyTSousodDGUy2NqbtxCIKv2rwbsIRwHNKB0KpR/UQhA2gMRuGa5hxhMJ0DW0Tf9neMRuLCTg==",
      "requires": {
        "tslib": "^2.0.0"
      }
    },
    "jwt-decode": {
      "version": "3.1.2",
      "resolved": "https://registry.npmjs.org/jwt-decode/-/jwt-decode-3.1.2.tgz",
      "integrity": "sha512-UfpWE/VZn0iP50d8cz9NrZLM9lSWhcJ+0Gt/nm4by88UL+J1SiKN8/5dkjMmbEzwL2CAe+67GsegCbIKtbp75A=="
    },
    "tslib": {
      "version": "2.3.1",
      "resolved": "https://registry.npmjs.org/tslib/-/tslib-2.3.1.tgz",
      "integrity": "sha512-77EbyPPpMz+FRFRuAFlWMtmgUWGe9UOG2Z25NqCwiIjRhOf5iKGuzSe5P2w1laq+FkRy4p+PCuVkJSGkzTEKVw=="
    }
  }
}
